<?xml version="1.0" encoding="utf-8" standalone="yes"?>
<Project ToolsVersion="4.0" xmlns="http://schemas.microsoft.com/developer/msbuild/2003">
  <ItemGroup>
    <Filter Include="source">
      <UniqueIdentifier>{21895B69-DE91-7035-0000-0000CA90681B}</UniqueIdentifier>
    </Filter>
  </ItemGroup>
  <ItemGroup>
    <ClCompile Include="source\main.cpp">
      <Filter>source</Filter>
    </ClCompile>
    <ClCompile Include="source\ASE.cpp">
      <Filter>source</Filter>
    </ClCompile>
    <ClCompile Include="source\IDTag.cpp">
      <Filter>source</Filter>
    </ClCompile>
    <ClCompile Include="source\T3D.cpp">
      <Filter>source</Filter>
    </ClCompile>
  </ItemGroup>
</Project>